
Microsoft Visual Studio Solution File, Format Version 12.00
# Visual Studio Version 16
VisualStudioVersion = 16.0.30907.101
MinimumVisualStudioVersion = 10.0.40219.1
Project("{9A19103F-16F7-4668-BE54-9A1E7A4F7556}") = "CashMachine", "CashMachine\CashMachine.csproj", "{6745BABD-0F67-49D7-AF48-1C18C7DA6301}"
EndProject
Project("{9A19103F-16F7-4668-BE54-9A1E7A4F7556}") = "Epidemic", "Epidemic\Epidemic.csproj", "{DF3DC300-26AF-420F-BAD2-C2CEDAC4E376}"
EndProject
Project("{9A19103F-16F7-4668-BE54-9A1E7A4F7556}") = "PropertiesDemo", "PropertiesDemo\PropertiesDemo.csproj", "{71353A53-F281-4233-A3D9-8C9012981770}"
EndProject
Project("{9A19103F-16F7-4668-BE54-9A1E7A4F7556}") = "PropertyDemo", "PropertyDemo\PropertyDemo.csproj", "{3F49BFC6-50C1-4204-BF1A-C34EBCE029B7}"
EndProject
Project("{9A19103F-16F7-4668-BE54-9A1E7A4F7556}") = "MyClassLibrary", "MyClassLibrary\MyClassLibrary.csproj", "{162F63A1-7A34-4A72-9C48-9A1824420BC1}"
EndProject
Project("{9A19103F-16F7-4668-BE54-9A1E7A4F7556}") = "TernaryOperator", "TernaryOperator\TernaryOperator.csproj", "{52582B2B-4CEC-49BF-B1F1-C71FAD4DBFC6}"
EndProject
Project("{9A19103F-16F7-4668-BE54-9A1E7A4F7556}") = "PracticeProperties", "PracticeProperties\PracticeProperties.csproj", "{B78EDAD9-4221-4250-A8DF-2207EF56298F}"
EndProject
Project("{9A19103F-16F7-4668-BE54-9A1E7A4F7556}") = "PracticeProperties2", "PracticeProperties2\PracticeProperties2.csproj", "{14D23F11-9923-4E39-9C0C-8E8CFA85387F}"
EndProject
Project("{9A19103F-16F7-4668-BE54-9A1E7A4F7556}") = "TuplesDemo", "TuplesDemo\TuplesDemo.csproj", "{742290D8-D941-48B5-882A-7C02B3D4E262}"
EndProject
Project("{FAE04EC0-301F-11D3-BF4B-00C04F79EFBC}") = "GuessTheNumber", "GuessTheNumber\GuessTheNumber.csproj", "{D230F5F4-E227-46E3-87EE-02E7767DC83B}"
EndProject
Global
	GlobalSection(SolutionConfigurationPlatforms) = preSolution
		Debug|Any CPU = Debug|Any CPU
		Release|Any CPU = Release|Any CPU
	EndGlobalSection
	GlobalSection(ProjectConfigurationPlatforms) = postSolution
		{6745BABD-0F67-49D7-AF48-1C18C7DA6301}.Debug|Any CPU.ActiveCfg = Debug|Any CPU
		{6745BABD-0F67-49D7-AF48-1C18C7DA6301}.Debug|Any CPU.Build.0 = Debug|Any CPU
		{6745BABD-0F67-49D7-AF48-1C18C7DA6301}.Release|Any CPU.ActiveCfg = Release|Any CPU
		{6745BABD-0F67-49D7-AF48-1C18C7DA6301}.Release|Any CPU.Build.0 = Release|Any CPU
		{DF3DC300-26AF-420F-BAD2-C2CEDAC4E376}.Debug|Any CPU.ActiveCfg = Debug|Any CPU
		{DF3DC300-26AF-420F-BAD2-C2CEDAC4E376}.Debug|Any CPU.Build.0 = Debug|Any CPU
		{DF3DC300-26AF-420F-BAD2-C2CEDAC4E376}.Release|Any CPU.ActiveCfg = Release|Any CPU
		{DF3DC300-26AF-420F-BAD2-C2CEDAC4E376}.Release|Any CPU.Build.0 = Release|Any CPU
		{71353A53-F281-4233-A3D9-8C9012981770}.Debug|Any CPU.ActiveCfg = Debug|Any CPU
		{71353A53-F281-4233-A3D9-8C9012981770}.Debug|Any CPU.Build.0 = Debug|Any CPU
		{71353A53-F281-4233-A3D9-8C9012981770}.Release|Any CPU.ActiveCfg = Release|Any CPU
		{71353A53-F281-4233-A3D9-8C9012981770}.Release|Any CPU.Build.0 = Release|Any CPU
		{3F49BFC6-50C1-4204-BF1A-C34EBCE029B7}.Debug|Any CPU.ActiveCfg = Debug|Any CPU
		{3F49BFC6-50C1-4204-BF1A-C34EBCE029B7}.Debug|Any CPU.Build.0 = Debug|Any CPU
		{3F49BFC6-50C1-4204-BF1A-C34EBCE029B7}.Release|Any CPU.ActiveCfg = Release|Any CPU
		{3F49BFC6-50C1-4204-BF1A-C34EBCE029B7}.Release|Any CPU.Build.0 = Release|Any CPU
		{162F63A1-7A34-4A72-9C48-9A1824420BC1}.Debug|Any CPU.ActiveCfg = Debug|Any CPU
		{162F63A1-7A34-4A72-9C48-9A1824420BC1}.Debug|Any CPU.Build.0 = Debug|Any CPU
		{162F63A1-7A34-4A72-9C48-9A1824420BC1}.Release|Any CPU.ActiveCfg = Release|Any CPU
		{162F63A1-7A34-4A72-9C48-9A1824420BC1}.Release|Any CPU.Build.0 = Release|Any CPU
		{52582B2B-4CEC-49BF-B1F1-C71FAD4DBFC6}.Debug|Any CPU.ActiveCfg = Debug|Any CPU
		{52582B2B-4CEC-49BF-B1F1-C71FAD4DBFC6}.Debug|Any CPU.Build.0 = Debug|Any CPU
		{52582B2B-4CEC-49BF-B1F1-C71FAD4DBFC6}.Release|Any CPU.ActiveCfg = Release|Any CPU
		{52582B2B-4CEC-49BF-B1F1-C71FAD4DBFC6}.Release|Any CPU.Build.0 = Release|Any CPU
		{B78EDAD9-4221-4250-A8DF-2207EF56298F}.Debug|Any CPU.ActiveCfg = Debug|Any CPU
		{B78EDAD9-4221-4250-A8DF-2207EF56298F}.Debug|Any CPU.Build.0 = Debug|Any CPU
		{B78EDAD9-4221-4250-A8DF-2207EF56298F}.Release|Any CPU.ActiveCfg = Release|Any CPU
		{B78EDAD9-4221-4250-A8DF-2207EF56298F}.Release|Any CPU.Build.0 = Release|Any CPU
		{14D23F11-9923-4E39-9C0C-8E8CFA85387F}.Debug|Any CPU.ActiveCfg = Debug|Any CPU
		{14D23F11-9923-4E39-9C0C-8E8CFA85387F}.Debug|Any CPU.Build.0 = Debug|Any CPU
		{14D23F11-9923-4E39-9C0C-8E8CFA85387F}.Release|Any CPU.ActiveCfg = Release|Any CPU
		{14D23F11-9923-4E39-9C0C-8E8CFA85387F}.Release|Any CPU.Build.0 = Release|Any CPU
		{742290D8-D941-48B5-882A-7C02B3D4E262}.Debug|Any CPU.ActiveCfg = Debug|Any CPU
		{742290D8-D941-48B5-882A-7C02B3D4E262}.Debug|Any CPU.Build.0 = Debug|Any CPU
		{742290D8-D941-48B5-882A-7C02B3D4E262}.Release|Any CPU.ActiveCfg = Release|Any CPU
		{742290D8-D941-48B5-882A-7C02B3D4E262}.Release|Any CPU.Build.0 = Release|Any CPU
		{D230F5F4-E227-46E3-87EE-02E7767DC83B}.Debug|Any CPU.ActiveCfg = Debug|Any CPU
		{D230F5F4-E227-46E3-87EE-02E7767DC83B}.Debug|Any CPU.Build.0 = Debug|Any CPU
		{D230F5F4-E227-46E3-87EE-02E7767DC83B}.Release|Any CPU.ActiveCfg = Release|Any CPU
		{D230F5F4-E227-46E3-87EE-02E7767DC83B}.Release|Any CPU.Build.0 = Release|Any CPU
	EndGlobalSection
	GlobalSection(SolutionProperties) = preSolution
		HideSolutionNode = FALSE
	EndGlobalSection
	GlobalSection(ExtensibilityGlobals) = postSolution
		SolutionGuid = {28D1C8F6-1216-42AC-8DBD-124B9927156D}
	EndGlobalSection
EndGlobal
